
Microsoft Visual Studio Solution File, Format Version 12.00
# Visual Studio Version 16
VisualStudioVersion = 16.0.31515.178
MinimumVisualStudioVersion = 10.0.40219.1
Project("{FAE04EC0-301F-11D3-BF4B-00C04F79EFBC}") = "09_Booleans", "09_Booleans\09_Booleans.csproj", "{B5E1AD0D-DEFE-4B41-B141-6258091FAD0F}"
EndProject
Global
	GlobalSection(SolutionConfigurationPlatforms) = preSolution
		Debug|Any CPU = Debug|Any CPU
		Release|Any CPU = Release|Any CPU
	EndGlobalSection
	GlobalSection(ProjectConfigurationPlatforms) = postSolution
		{B5E1AD0D-DEFE-4B41-B141-6258091FAD0F}.Debug|Any CPU.ActiveCfg = Debug|Any CPU
		{B5E1AD0D-DEFE-4B41-B141-6258091FAD0F}.Debug|Any CPU.Build.0 = Debug|Any CPU
		{B5E1AD0D-DEFE-4B41-B141-6258091FAD0F}.Release|Any CPU.ActiveCfg = Release|Any CPU
		{B5E1AD0D-DEFE-4B41-B141-6258091FAD0F}.Release|Any CPU.Build.0 = Release|Any CPU
	EndGlobalSection
	GlobalSection(SolutionProperties) = preSolution
		HideSolutionNode = FALSE
	EndGlobalSection
	GlobalSection(ExtensibilityGlobals) = postSolution
		SolutionGuid = {E0F2AEA3-313B-4E59-BDEF-E327F14C3A5D}
	EndGlobalSection
EndGlobal
