
Microsoft Visual Studio Solution File, Format Version 12.00
# Visual Studio Version 16
VisualStudioVersion = 16.0.31515.178
MinimumVisualStudioVersion = 10.0.40219.1
Project("{FAE04EC0-301F-11D3-BF4B-00C04F79EFBC}") = "06_Operators", "06_Operators\06_Operators.csproj", "{00F97BBA-F031-4CB3-9D2B-2717BA5BF86E}"
EndProject
Global
	GlobalSection(SolutionConfigurationPlatforms) = preSolution
		Debug|Any CPU = Debug|Any CPU
		Release|Any CPU = Release|Any CPU
	EndGlobalSection
	GlobalSection(ProjectConfigurationPlatforms) = postSolution
		{00F97BBA-F031-4CB3-9D2B-2717BA5BF86E}.Debug|Any CPU.ActiveCfg = Debug|Any CPU
		{00F97BBA-F031-4CB3-9D2B-2717BA5BF86E}.Debug|Any CPU.Build.0 = Debug|Any CPU
		{00F97BBA-F031-4CB3-9D2B-2717BA5BF86E}.Release|Any CPU.ActiveCfg = Release|Any CPU
		{00F97BBA-F031-4CB3-9D2B-2717BA5BF86E}.Release|Any CPU.Build.0 = Release|Any CPU
	EndGlobalSection
	GlobalSection(SolutionProperties) = preSolution
		HideSolutionNode = FALSE
	EndGlobalSection
	GlobalSection(ExtensibilityGlobals) = postSolution
		SolutionGuid = {2395A304-7FD7-4DD0-BE9F-179C3ED889EC}
	EndGlobalSection
EndGlobal
