
Microsoft Visual Studio Solution File, Format Version 12.00
# Visual Studio Version 16
VisualStudioVersion = 16.0.31515.178
MinimumVisualStudioVersion = 10.0.40219.1
Project("{FAE04EC0-301F-11D3-BF4B-00C04F79EFBC}") = "HelloWorld", "HelloWorld\HelloWorld.csproj", "{DA396EB6-CCB8-4574-9FA6-E1EF457AB1A9}"
EndProject
Global
	GlobalSection(SolutionConfigurationPlatforms) = preSolution
		Debug|Any CPU = Debug|Any CPU
		Release|Any CPU = Release|Any CPU
	EndGlobalSection
	GlobalSection(ProjectConfigurationPlatforms) = postSolution
		{DA396EB6-CCB8-4574-9FA6-E1EF457AB1A9}.Debug|Any CPU.ActiveCfg = Debug|Any CPU
		{DA396EB6-CCB8-4574-9FA6-E1EF457AB1A9}.Debug|Any CPU.Build.0 = Debug|Any CPU
		{DA396EB6-CCB8-4574-9FA6-E1EF457AB1A9}.Release|Any CPU.ActiveCfg = Release|Any CPU
		{DA396EB6-CCB8-4574-9FA6-E1EF457AB1A9}.Release|Any CPU.Build.0 = Release|Any CPU
	EndGlobalSection
	GlobalSection(SolutionProperties) = preSolution
		HideSolutionNode = FALSE
	EndGlobalSection
	GlobalSection(ExtensibilityGlobals) = postSolution
		SolutionGuid = {273FEDC5-D714-4119-AD27-E2DFA894F32A}
	EndGlobalSection
EndGlobal
