
Microsoft Visual Studio Solution File, Format Version 12.00
# Visual Studio Version 16
VisualStudioVersion = 16.0.31515.178
MinimumVisualStudioVersion = 10.0.40219.1
Project("{FAE04EC0-301F-11D3-BF4B-00C04F79EFBC}") = "variable", "variable\variable.csproj", "{ABC43BDC-9005-41A3-9932-C9491DFEBBD5}"
EndProject
Global
	GlobalSection(SolutionConfigurationPlatforms) = preSolution
		Debug|Any CPU = Debug|Any CPU
		Release|Any CPU = Release|Any CPU
	EndGlobalSection
	GlobalSection(ProjectConfigurationPlatforms) = postSolution
		{ABC43BDC-9005-41A3-9932-C9491DFEBBD5}.Debug|Any CPU.ActiveCfg = Debug|Any CPU
		{ABC43BDC-9005-41A3-9932-C9491DFEBBD5}.Debug|Any CPU.Build.0 = Debug|Any CPU
		{ABC43BDC-9005-41A3-9932-C9491DFEBBD5}.Release|Any CPU.ActiveCfg = Release|Any CPU
		{ABC43BDC-9005-41A3-9932-C9491DFEBBD5}.Release|Any CPU.Build.0 = Release|Any CPU
	EndGlobalSection
	GlobalSection(SolutionProperties) = preSolution
		HideSolutionNode = FALSE
	EndGlobalSection
	GlobalSection(ExtensibilityGlobals) = postSolution
		SolutionGuid = {6DCF2AF9-2072-4B0B-936E-528459D96325}
	EndGlobalSection
EndGlobal
