
Microsoft Visual Studio Solution File, Format Version 12.00
# Visual Studio Version 16
VisualStudioVersion = 16.0.31515.178
MinimumVisualStudioVersion = 10.0.40219.1
Project("{FAE04EC0-301F-11D3-BF4B-00C04F79EFBC}") = "12_While_Loops", "12_While_Loops\12_While_Loops.csproj", "{3BC05753-4EA0-441F-8A2A-BD289290DEC0}"
EndProject
Global
	GlobalSection(SolutionConfigurationPlatforms) = preSolution
		Debug|Any CPU = Debug|Any CPU
		Release|Any CPU = Release|Any CPU
	EndGlobalSection
	GlobalSection(ProjectConfigurationPlatforms) = postSolution
		{3BC05753-4EA0-441F-8A2A-BD289290DEC0}.Debug|Any CPU.ActiveCfg = Debug|Any CPU
		{3BC05753-4EA0-441F-8A2A-BD289290DEC0}.Debug|Any CPU.Build.0 = Debug|Any CPU
		{3BC05753-4EA0-441F-8A2A-BD289290DEC0}.Release|Any CPU.ActiveCfg = Release|Any CPU
		{3BC05753-4EA0-441F-8A2A-BD289290DEC0}.Release|Any CPU.Build.0 = Release|Any CPU
	EndGlobalSection
	GlobalSection(SolutionProperties) = preSolution
		HideSolutionNode = FALSE
	EndGlobalSection
	GlobalSection(ExtensibilityGlobals) = postSolution
		SolutionGuid = {ADD541B5-1A80-46E2-955D-891ABB42CE50}
	EndGlobalSection
EndGlobal
