
Microsoft Visual Studio Solution File, Format Version 12.00
# Visual Studio Version 16
VisualStudioVersion = 16.0.31515.178
MinimumVisualStudioVersion = 10.0.40219.1
Project("{FAE04EC0-301F-11D3-BF4B-00C04F79EFBC}") = "13_ForLoops", "13_ForLoops\13_ForLoops.csproj", "{D0B11916-9512-4A00-B84E-E2FBAF7BF648}"
EndProject
Global
	GlobalSection(SolutionConfigurationPlatforms) = preSolution
		Debug|Any CPU = Debug|Any CPU
		Release|Any CPU = Release|Any CPU
	EndGlobalSection
	GlobalSection(ProjectConfigurationPlatforms) = postSolution
		{D0B11916-9512-4A00-B84E-E2FBAF7BF648}.Debug|Any CPU.ActiveCfg = Debug|Any CPU
		{D0B11916-9512-4A00-B84E-E2FBAF7BF648}.Debug|Any CPU.Build.0 = Debug|Any CPU
		{D0B11916-9512-4A00-B84E-E2FBAF7BF648}.Release|Any CPU.ActiveCfg = Release|Any CPU
		{D0B11916-9512-4A00-B84E-E2FBAF7BF648}.Release|Any CPU.Build.0 = Release|Any CPU
	EndGlobalSection
	GlobalSection(SolutionProperties) = preSolution
		HideSolutionNode = FALSE
	EndGlobalSection
	GlobalSection(ExtensibilityGlobals) = postSolution
		SolutionGuid = {F7146821-1106-4C45-80C5-1FD95941A646}
	EndGlobalSection
EndGlobal
